
Microsoft Visual Studio Solution File, Format Version 12.00
# Visual Studio Version 17
VisualStudioVersion = 17.10.35027.167
MinimumVisualStudioVersion = 10.0.40219.1
Project("{FAE04EC0-301F-11D3-BF4B-00C04F79EFBC}") = "PowerBIService", "PowerBIService.csproj", "{8FBEC7BE-9A38-41DD-A15A-FF28C0E5D4BA}"
EndProject
Global
	GlobalSection(SolutionConfigurationPlatforms) = preSolution
		Debug|Any CPU = Debug|Any CPU
		Release|Any CPU = Release|Any CPU
	EndGlobalSection
	GlobalSection(ProjectConfigurationPlatforms) = postSolution
		{8FBEC7BE-9A38-41DD-A15A-FF28C0E5D4BA}.Debug|Any CPU.ActiveCfg = Debug|Any CPU
		{8FBEC7BE-9A38-41DD-A15A-FF28C0E5D4BA}.Debug|Any CPU.Build.0 = Debug|Any CPU
		{8FBEC7BE-9A38-41DD-A15A-FF28C0E5D4BA}.Release|Any CPU.ActiveCfg = Release|Any CPU
		{8FBEC7BE-9A38-41DD-A15A-FF28C0E5D4BA}.Release|Any CPU.Build.0 = Release|Any CPU
	EndGlobalSection
	GlobalSection(SolutionProperties) = preSolution
		HideSolutionNode = FALSE
	EndGlobalSection
	GlobalSection(ExtensibilityGlobals) = postSolution
		SolutionGuid = {8AF44866-4731-4EE4-B0C1-58439D425B18}
	EndGlobalSection
EndGlobal
